// !$*UTF8*$!
{
	archiveVersion = 1;
	classes = {
	};
	objectVersion = 52;
	objects = {

/* Begin PBXBuildFile section */
		558F768126F0276D00732C36 /* MovieCell.swift in Sources */ = {isa = PBXBuildFile; fileRef = 558F768026F0276D00732C36 /* MovieCell.swift */; };
		558F768426F02E2400732C36 /* AlamofireImage in Frameworks */ = {isa = PBXBuildFile; productRef = 558F768326F02E2400732C36 /* AlamofireImage */; };
		558F768626F043DF00732C36 /* MoviesDetailsViewController.swift in Sources */ = {isa = PBXBuildFile; fileRef = 558F768526F043DF00732C36 /* MoviesDetailsViewController.swift */; };
		558F768826F05B7000732C36 /* MovieGridViewController.swift in Sources */ = {isa = PBXBuildFile; fileRef = 558F768726F05B7000732C36 /* MovieGridViewController.swift */; };
		558F768A26F0603600732C36 /* MovieGridCell.swift in Sources */ = {isa = PBXBuildFile; fileRef = 558F768926F0603600732C36 /* MovieGridCell.swift */; };
		55F7D8A826EFE7BF00708AB6 /* AppDelegate.swift in Sources */ = {isa = PBXBuildFile; fileRef = 55F7D8A726EFE7BF00708AB6 /* AppDelegate.swift */; };
		55F7D8AA26EFE7BF00708AB6 /* SceneDelegate.swift in Sources */ = {isa = PBXBuildFile; fileRef = 55F7D8A926EFE7BF00708AB6 /* SceneDelegate.swift */; };
		55F7D8AF26EFE7BF00708AB6 /* Main.storyboard in Resources */ = {isa = PBXBuildFile; fileRef = 55F7D8AD26EFE7BF00708AB6 /* Main.storyboard */; };
		55F7D8B126EFE7C100708AB6 /* Assets.xcassets in Resources */ = {isa = PBXBuildFile; fileRef = 55F7D8B026EFE7C100708AB6 /* Assets.xcassets */; };
		55F7D8B426EFE7C100708AB6 /* LaunchScreen.storyboard in Resources */ = {isa = PBXBuildFile; fileRef = 55F7D8B226EFE7C100708AB6 /* LaunchScreen.storyboard */; };
		55F7D8BF26EFE7C100708AB6 /* flixsterTests.swift in Sources */ = {isa = PBXBuildFile; fileRef = 55F7D8BE26EFE7C100708AB6 /* flixsterTests.swift */; };
		55F7D8CA26EFE7C100708AB6 /* flixsterUITests.swift in Sources */ = {isa = PBXBuildFile; fileRef = 55F7D8C926EFE7C100708AB6 /* flixsterUITests.swift */; };
		55F7D8DA26EFEAC900708AB6 /* MoviesViewController.swift in Sources */ = {isa = PBXBuildFile; fileRef = 55F7D8D926EFEAC900708AB6 /* MoviesViewController.swift */; };
/* End PBXBuildFile section */

/* Begin PBXContainerItemProxy section */
		55F7D8BB26EFE7C100708AB6 /* PBXContainerItemProxy */ = {
			isa = PBXContainerItemProxy;
			containerPortal = 55F7D89C26EFE7BF00708AB6 /* Project object */;
			proxyType = 1;
			remoteGlobalIDString = 55F7D8A326EFE7BF00708AB6;
			remoteInfo = flixster;
		};
		55F7D8C626EFE7C100708AB6 /* PBXContainerItemProxy */ = {
			isa = PBXContainerItemProxy;
			containerPortal = 55F7D89C26EFE7BF00708AB6 /* Project object */;
			proxyType = 1;
			remoteGlobalIDString = 55F7D8A326EFE7BF00708AB6;
			remoteInfo = flixster;
		};
/* End PBXContainerItemProxy section */

/* Begin PBXFileReference section */
		558F768026F0276D00732C36 /* MovieCell.swift */ = {isa = PBXFileReference; lastKnownFileType = sourcecode.swift; path = MovieCell.swift; sourceTree = "<group>"; };
		558F768526F043DF00732C36 /* MoviesDetailsViewController.swift */ = {isa = PBXFileReference; lastKnownFileType = sourcecode.swift; path = MoviesDetailsViewController.swift; sourceTree = "<group>"; };
		558F768726F05B7000732C36 /* MovieGridViewController.swift */ = {isa = PBXFileReference; lastKnownFileType = sourcecode.swift; path = MovieGridViewController.swift; sourceTree = "<group>"; };
		558F768926F0603600732C36 /* MovieGridCell.swift */ = {isa = PBXFileReference; lastKnownFileType = sourcecode.swift; path = MovieGridCell.swift; sourceTree = "<group>"; };
		55F7D8A426EFE7BF00708AB6 /* flixster.app */ = {isa = PBXFileReference; explicitFileType = wrapper.application; includeInIndex = 0; path = flixster.app; sourceTree = BUILT_PRODUCTS_DIR; };
		55F7D8A726EFE7BF00708AB6 /* AppDelegate.swift */ = {isa = PBXFileReference; lastKnownFileType = sourcecode.swift; path = AppDelegate.swift; sourceTree = "<group>"; };
		55F7D8A926EFE7BF00708AB6 /* SceneDelegate.swift */ = {isa = PBXFileReference; lastKnownFileType = sourcecode.swift; path = SceneDelegate.swift; sourceTree = "<group>"; };
		55F7D8AE26EFE7BF00708AB6 /* Base */ = {isa = PBXFileReference; lastKnownFileType = file.storyboard; name = Base; path = Base.lproj/Main.storyboard; sourceTree = "<group>"; };
		55F7D8B026EFE7C100708AB6 /* Assets.xcassets */ = {isa = PBXFileReference; lastKnownFileType = folder.assetcatalog; path = Assets.xcassets; sourceTree = "<group>"; };
		55F7D8B326EFE7C100708AB6 /* Base */ = {isa = PBXFileReference; lastKnownFileType = file.storyboard; name = Base; path = Base.lproj/LaunchScreen.storyboard; sourceTree = "<group>"; };
		55F7D8B526EFE7C100708AB6 /* Info.plist */ = {isa = PBXFileReference; lastKnownFileType = text.plist.xml; path = Info.plist; sourceTree = "<group>"; };
		55F7D8BA26EFE7C100708AB6 /* flixsterTests.xctest */ = {isa = PBXFileReference; explicitFileType = wrapper.cfbundle; includeInIndex = 0; path = flixsterTests.xctest; sourceTree = BUILT_PRODUCTS_DIR; };
		55F7D8BE26EFE7C100708AB6 /* flixsterTests.swift */ = {isa = PBXFileReference; lastKnownFileType = sourcecode.swift; path = flixsterTests.swift; sourceTree = "<group>"; };
		55F7D8C026EFE7C100708AB6 /* Info.plist */ = {isa = PBXFileReference; lastKnownFileType = text.plist.xml; path = Info.plist; sourceTree = "<group>"; };
		55F7D8C526EFE7C100708AB6 /* flixsterUITests.xctest */ = {isa = PBXFileReference; explicitFileType = wrapper.cfbundle; includeInIndex = 0; path = flixsterUITests.xctest; sourceTree = BUILT_PRODUCTS_DIR; };
		55F7D8C926EFE7C100708AB6 /* flixsterUITests.swift */ = {isa = PBXFileReference; lastKnownFileType = sourcecode.swift; path = flixsterUITests.swift; sourceTree = "<group>"; };
		55F7D8CB26EFE7C100708AB6 /* Info.plist */ = {isa = PBXFileReference; lastKnownFileType = text.plist.xml; path = Info.plist; sourceTree = "<group>"; };
		55F7D8D926EFEAC900708AB6 /* MoviesViewController.swift */ = {isa = PBXFileReference; lastKnownFileType = sourcecode.swift; path = MoviesViewController.swift; sourceTree = "<group>"; };
/* End PBXFileReference section */

/* Begin PBXFrameworksBuildPhase section */
		55F7D8A126EFE7BF00708AB6 /* Frameworks */ = {
			isa = PBXFrameworksBuildPhase;
			buildActionMask = 2147483647;
			files = (
				558F768426F02E2400732C36 /* AlamofireImage in Frameworks */,
			);
			runOnlyForDeploymentPostprocessing = 0;
		};
		55F7D8B726EFE7C100708AB6 /* Frameworks */ = {
			isa = PBXFrameworksBuildPhase;
			buildActionMask = 2147483647;
			files = (
			);
			runOnlyForDeploymentPostprocessing = 0;
		};
		55F7D8C226EFE7C100708AB6 /* Frameworks */ = {
			isa = PBXFrameworksBuildPhase;
			buildActionMask = 2147483647;
			files = (
			);
			runOnlyForDeploymentPostprocessing = 0;
		};
/* End PBXFrameworksBuildPhase section */

/* Begin PBXGroup section */
		55F7D89B26EFE7BF00708AB6 = {
			isa = PBXGroup;
			children = (
				55F7D8A626EFE7BF00708AB6 /* flixster */,
				55F7D8BD26EFE7C100708AB6 /* flixsterTests */,
				55F7D8C826EFE7C100708AB6 /* flixsterUITests */,
				55F7D8A526EFE7BF00708AB6 /* Products */,
			);
			sourceTree = "<group>";
		};
		55F7D8A526EFE7BF00708AB6 /* Products */ = {
			isa = PBXGroup;
			children = (
				55F7D8A426EFE7BF00708AB6 /* flixster.app */,
				55F7D8BA26EFE7C100708AB6 /* flixsterTests.xctest */,
				55F7D8C526EFE7C100708AB6 /* flixsterUITests.xctest */,
			);
			name = Products;
			sourceTree = "<group>";
		};
		55F7D8A626EFE7BF00708AB6 /* flixster */ = {
			isa = PBXGroup;
			children = (
				55F7D8A726EFE7BF00708AB6 /* AppDelegate.swift */,
				55F7D8A926EFE7BF00708AB6 /* SceneDelegate.swift */,
				55F7D8AD26EFE7BF00708AB6 /* Main.storyboard */,
				558F768026F0276D00732C36 /* MovieCell.swift */,
				55F7D8B026EFE7C100708AB6 /* Assets.xcassets */,
				55F7D8B226EFE7C100708AB6 /* LaunchScreen.storyboard */,
				55F7D8B526EFE7C100708AB6 /* Info.plist */,
				55F7D8D926EFEAC900708AB6 /* MoviesViewController.swift */,
				558F768526F043DF00732C36 /* MoviesDetailsViewController.swift */,
				558F768726F05B7000732C36 /* MovieGridViewController.swift */,
				558F768926F0603600732C36 /* MovieGridCell.swift */,
			);
			path = flixster;
			sourceTree = "<group>";
		};
		55F7D8BD26EFE7C100708AB6 /* flixsterTests */ = {
			isa = PBXGroup;
			children = (
				55F7D8BE26EFE7C100708AB6 /* flixsterTests.swift */,
				55F7D8C026EFE7C100708AB6 /* Info.plist */,
			);
			path = flixsterTests;
			sourceTree = "<group>";
		};
		55F7D8C826EFE7C100708AB6 /* flixsterUITests */ = {
			isa = PBXGroup;
			children = (
				55F7D8C926EFE7C100708AB6 /* flixsterUITests.swift */,
				55F7D8CB26EFE7C100708AB6 /* Info.plist */,
			);
			path = flixsterUITests;
			sourceTree = "<group>";
		};
/* End PBXGroup section */

/* Begin PBXNativeTarget section */
		55F7D8A326EFE7BF00708AB6 /* flixster */ = {
			isa = PBXNativeTarget;
			buildConfigurationList = 55F7D8CE26EFE7C100708AB6 /* Build configuration list for PBXNativeTarget "flixster" */;
			buildPhases = (
				55F7D8A026EFE7BF00708AB6 /* Sources */,
				55F7D8A126EFE7BF00708AB6 /* Frameworks */,
				55F7D8A226EFE7BF00708AB6 /* Resources */,
			);
			buildRules = (
			);
			dependencies = (
			);
			name = flixster;
			packageProductDependencies = (
				558F768326F02E2400732C36 /* AlamofireImage */,
			);
			productName = flixster;
			productReference = 55F7D8A426EFE7BF00708AB6 /* flixster.app */;
			productType = "com.apple.product-type.application";
		};
		55F7D8B926EFE7C100708AB6 /* flixsterTests */ = {
			isa = PBXNativeTarget;
			buildConfigurationList = 55F7D8D126EFE7C100708AB6 /* Build configuration list for PBXNativeTarget "flixsterTests" */;
			buildPhases = (
				55F7D8B626EFE7C100708AB6 /* Sources */,
				55F7D8B726EFE7C100708AB6 /* Frameworks */,
				55F7D8B826EFE7C100708AB6 /* Resources */,
			);
			buildRules = (
			);
			dependencies = (
				55F7D8BC26EFE7C100708AB6 /* PBXTargetDependency */,
			);
			name = flixsterTests;
			productName = flixsterTests;
			productReference = 55F7D8BA26EFE7C100708AB6 /* flixsterTests.xctest */;
			productType = "com.apple.product-type.bundle.unit-test";
		};
		55F7D8C426EFE7C100708AB6 /* flixsterUITests */ = {
			isa = PBXNativeTarget;
			buildConfigurationList = 55F7D8D426EFE7C100708AB6 /* Build configuration list for PBXNativeTarget "flixsterUITests" */;
			buildPhases = (
				55F7D8C126EFE7C100708AB6 /* Sources */,
				55F7D8C226EFE7C100708AB6 /* Frameworks */,
				55F7D8C326EFE7C100708AB6 /* Resources */,
			);
			buildRules = (
			);
			dependencies = (
				55F7D8C726EFE7C100708AB6 /* PBXTargetDependency */,
			);
			name = flixsterUITests;
			productName = flixsterUITests;
			productReference = 55F7D8C526EFE7C100708AB6 /* flixsterUITests.xctest */;
			productType = "com.apple.product-type.bundle.ui-testing";
		};
/* End PBXNativeTarget section */

/* Begin PBXProject section */
		55F7D89C26EFE7BF00708AB6 /* Project object */ = {
			isa = PBXProject;
			attributes = {
				LastSwiftUpdateCheck = 1250;
				LastUpgradeCheck = 1250;
				TargetAttributes = {
					55F7D8A326EFE7BF00708AB6 = {
						CreatedOnToolsVersion = 12.5.1;
					};
					55F7D8B926EFE7C100708AB6 = {
						CreatedOnToolsVersion = 12.5.1;
						TestTargetID = 55F7D8A326EFE7BF00708AB6;
					};
					55F7D8C426EFE7C100708AB6 = {
						CreatedOnToolsVersion = 12.5.1;
						TestTargetID = 55F7D8A326EFE7BF00708AB6;
					};
				};
			};
			buildConfigurationList = 55F7D89F26EFE7BF00708AB6 /* Build configuration list for PBXProject "flixster" */;
			compatibilityVersion = "Xcode 9.3";
			developmentRegion = en;
			hasScannedForEncodings = 0;
			knownRegions = (
				en,
				Base,
			);
			mainGroup = 55F7D89B26EFE7BF00708AB6;
			packageReferences = (
				558F768226F02E2400732C36 /* XCRemoteSwiftPackageReference "AlamofireImage" */,
			);
			productRefGroup = 55F7D8A526EFE7BF00708AB6 /* Products */;
			projectDirPath = "";
			projectRoot = "";
			targets = (
				55F7D8A326EFE7BF00708AB6 /* flixster */,
				55F7D8B926EFE7C100708AB6 /* flixsterTests */,
				55F7D8C426EFE7C100708AB6 /* flixsterUITests */,
			);
		};
/* End PBXProject section */

/* Begin PBXResourcesBuildPhase section */
		55F7D8A226EFE7BF00708AB6 /* Resources */ = {
			isa = PBXResourcesBuildPhase;
			buildActionMask = 2147483647;
			files = (
				55F7D8B426EFE7C100708AB6 /* LaunchScreen.storyboard in Resources */,
				55F7D8B126EFE7C100708AB6 /* Assets.xcassets in Resources */,
				55F7D8AF26EFE7BF00708AB6 /* Main.storyboard in Resources */,
			);
			runOnlyForDeploymentPostprocessing = 0;
		};
		55F7D8B826EFE7C100708AB6 /* Resources */ = {
			isa = PBXResourcesBuildPhase;
			buildActionMask = 2147483647;
			files = (
			);
			runOnlyForDeploymentPostprocessing = 0;
		};
		55F7D8C326EFE7C100708AB6 /* Resources */ = {
			isa = PBXResourcesBuildPhase;
			buildActionMask = 2147483647;
			files = (
			);
			runOnlyForDeploymentPostprocessing = 0;
		};
/* End PBXResourcesBuildPhase section */

/* Begin PBXSourcesBuildPhase section */
		55F7D8A026EFE7BF00708AB6 /* Sources */ = {
			isa = PBXSourcesBuildPhase;
			buildActionMask = 2147483647;
			files = (
				55F7D8A826EFE7BF00708AB6 /* AppDelegate.swift in Sources */,
				55F7D8AA26EFE7BF00708AB6 /* SceneDelegate.swift in Sources */,
				558F768126F0276D00732C36 /* MovieCell.swift in Sources */,
				558F768626F043DF00732C36 /* MoviesDetailsViewController.swift in Sources */,
				55F7D8DA26EFEAC900708AB6 /* MoviesViewController.swift in Sources */,
				558F768826F05B7000732C36 /* MovieGridViewController.swift in Sources */,
				558F768A26F0603600732C36 /* MovieGridCell.swift in Sources */,
			);
			runOnlyForDeploymentPostprocessing = 0;
		};
		55F7D8B626EFE7C100708AB6 /* Sources */ = {
			isa = PBXSourcesBuildPhase;
			buildActionMask = 2147483647;
			files = (
				55F7D8BF26EFE7C100708AB6 /* flixsterTests.swift in Sources */,
			);
			runOnlyForDeploymentPostprocessing = 0;
		};
		55F7D8C126EFE7C100708AB6 /* Sources */ = {
			isa = PBXSourcesBuildPhase;
			buildActionMask = 2147483647;
			files = (
				55F7D8CA26EFE7C100708AB6 /* flixsterUITests.swift in Sources */,
			);
			runOnlyForDeploymentPostprocessing = 0;
		};
/* End PBXSourcesBuildPhase section */

/* Begin PBXTargetDependency section */
		55F7D8BC26EFE7C100708AB6 /* PBXTargetDependency */ = {
			isa = PBXTargetDependency;
			target = 55F7D8A326EFE7BF00708AB6 /* flixster */;
			targetProxy = 55F7D8BB26EFE7C100708AB6 /* PBXContainerItemProxy */;
		};
		55F7D8C726EFE7C100708AB6 /* PBXTargetDependency */ = {
			isa = PBXTargetDependency;
			target = 55F7D8A326EFE7BF00708AB6 /* flixster */;
			targetProxy = 55F7D8C626EFE7C100708AB6 /* PBXContainerItemProxy */;
		};
/* End PBXTargetDependency section */

/* Begin PBXVariantGroup section */
		55F7D8AD26EFE7BF00708AB6 /* Main.storyboard */ = {
			isa = PBXVariantGroup;
			children = (
				55F7D8AE26EFE7BF00708AB6 /* Base */,
			);
			name = Main.storyboard;
			sourceTree = "<group>";
		};
		55F7D8B226EFE7C100708AB6 /* LaunchScreen.storyboard */ = {
			isa = PBXVariantGroup;
			children = (
				55F7D8B326EFE7C100708AB6 /* Base */,
			);
			name = LaunchScreen.storyboard;
			sourceTree = "<group>";
		};
/* End PBXVariantGroup section */

/* Begin XCBuildConfiguration section */
		55F7D8CC26EFE7C100708AB6 /* Debug */ = {
			isa = XCBuildConfiguration;
			buildSettings = {
				ALWAYS_SEARCH_USER_PATHS = NO;
				CLANG_ANALYZER_NONNULL = YES;
				CLANG_ANALYZER_NUMBER_OBJECT_CONVERSION = YES_AGGRESSIVE;
				CLANG_CXX_LANGUAGE_STANDARD = "gnu++14";
				CLANG_CXX_LIBRARY = "libc++";
				CLANG_ENABLE_MODULES = YES;
				CLANG_ENABLE_OBJC_ARC = YES;
				CLANG_ENABLE_OBJC_WEAK = YES;
				CLANG_WARN_BLOCK_CAPTURE_AUTORELEASING = YES;
				CLANG_WARN_BOOL_CONVERSION = YES;
				CLANG_WARN_COMMA = YES;
				CLANG_WARN_CONSTANT_CONVERSION = YES;
				CLANG_WARN_DEPRECATED_OBJC_IMPLEMENTATIONS = YES;
				CLANG_WARN_DIRECT_OBJC_ISA_USAGE = YES_ERROR;
				CLANG_WARN_DOCUMENTATION_COMMENTS = YES;
				CLANG_WARN_EMPTY_BODY = YES;
				CLANG_WARN_ENUM_CONVERSION = YES;
				CLANG_WARN_INFINITE_RECURSION = YES;
				CLANG_WARN_INT_CONVERSION = YES;
				CLANG_WARN_NON_LITERAL_NULL_CONVERSION = YES;
				CLANG_WARN_OBJC_IMPLICIT_RETAIN_SELF = YES;
				CLANG_WARN_OBJC_LITERAL_CONVERSION = YES;
				CLANG_WARN_OBJC_ROOT_CLASS = YES_ERROR;
				CLANG_WARN_QUOTED_INCLUDE_IN_FRAMEWORK_HEADER = YES;
				CLANG_WARN_RANGE_LOOP_ANALYSIS = YES;
				CLANG_WARN_STRICT_PROTOTYPES = YES;
				CLANG_WARN_SUSPICIOUS_MOVE = YES;
				CLANG_WARN_UNGUARDED_AVAILABILITY = YES_AGGRESSIVE;
				CLANG_WARN_UNREACHABLE_CODE = YES;
				CLANG_WARN__DUPLICATE_METHOD_MATCH = YES;
				COPY_PHASE_STRIP = NO;
				DEBUG_INFORMATION_FORMAT = dwarf;
				ENABLE_STRICT_OBJC_MSGSEND = YES;
				ENABLE_TESTABILITY = YES;
				GCC_C_LANGUAGE_STANDARD = gnu11;
				GCC_DYNAMIC_NO_PIC = NO;
				GCC_NO_COMMON_BLOCKS = YES;
				GCC_OPTIMIZATION_LEVEL = 0;
				GCC_PREPROCESSOR_DEFINITIONS = (
					"DEBUG=1",
					"$(inherited)",
				);
				GCC_WARN_64_TO_32_BIT_CONVERSION = YES;
				GCC_WARN_ABOUT_RETURN_TYPE = YES_ERROR;
				GCC_WARN_UNDECLARED_SELECTOR = YES;
				GCC_WARN_UNINITIALIZED_AUTOS = YES_AGGRESSIVE;
				GCC_WARN_UNUSED_FUNCTION = YES;
				GCC_WARN_UNUSED_VARIABLE = YES;
				IPHONEOS_DEPLOYMENT_TARGET = 14.5;
				MTL_ENABLE_DEBUG_INFO = INCLUDE_SOURCE;
				MTL_FAST_MATH = YES;
				ONLY_ACTIVE_ARCH = YES;
				SDKROOT = iphoneos;
				SWIFT_ACTIVE_COMPILATION_CONDITIONS = DEBUG;
				SWIFT_OPTIMIZATION_LEVEL = "-Onone";
			};
			name = Debug;
		};
		55F7D8CD26EFE7C100708AB6 /* Release */ = {
			isa = XCBuildConfiguration;
			buildSettings = {
				ALWAYS_SEARCH_USER_PATHS = NO;
				CLANG_ANALYZER_NONNULL = YES;
				CLANG_ANALYZER_NUMBER_OBJECT_CONVERSION = YES_AGGRESSIVE;
				CLANG_CXX_LANGUAGE_STANDARD = "gnu++14";
				CLANG_CXX_LIBRARY = "libc++";
				CLANG_ENABLE_MODULES = YES;
				CLANG_ENABLE_OBJC_ARC = YES;
				CLANG_ENABLE_OBJC_WEAK = YES;
				CLANG_WARN_BLOCK_CAPTURE_AUTORELEASING = YES;
				CLANG_WARN_BOOL_CONVERSION = YES;
				CLANG_WARN_COMMA = YES;
				CLANG_WARN_CONSTANT_CONVERSION = YES;
				CLANG_WARN_DEPRECATED_OBJC_IMPLEMENTATIONS = YES;
				CLANG_WARN_DIRECT_OBJC_ISA_USAGE = YES_ERROR;
				CLANG_WARN_DOCUMENTATION_COMMENTS = YES;
				CLANG_WARN_EMPTY_BODY = YES;
				CLANG_WARN_ENUM_CONVERSION = YES;
				CLANG_WARN_INFINITE_RECURSION = YES;
				CLANG_WARN_INT_CONVERSION = YES;
				CLANG_WARN_NON_LITERAL_NULL_CONVERSION = YES;
				CLANG_WARN_OBJC_IMPLICIT_RETAIN_SELF = YES;
				CLANG_WARN_OBJC_LITERAL_CONVERSION = YES;
				CLANG_WARN_OBJC_ROOT_CLASS = YES_ERROR;
				CLANG_WARN_QUOTED_INCLUDE_IN_FRAMEWORK_HEADER = YES;
				CLANG_WARN_RANGE_LOOP_ANALYSIS = YES;
				CLANG_WARN_STRICT_PROTOTYPES = YES;
				CLANG_WARN_SUSPICIOUS_MOVE = YES;
				CLANG_WARN_UNGUARDED_AVAILABILITY = YES_AGGRESSIVE;
				CLANG_WARN_UNREACHABLE_CODE = YES;
				CLANG_WARN__DUPLICATE_METHOD_MATCH = YES;
				COPY_PHASE_STRIP = NO;
				DEBUG_INFORMATION_FORMAT = "dwarf-with-dsym";
				ENABLE_NS_ASSERTIONS = NO;
				ENABLE_STRICT_OBJC_MSGSEND = YES;
				GCC_C_LANGUAGE_STANDARD = gnu11;
				GCC_NO_COMMON_BLOCKS = YES;
				GCC_WARN_64_TO_32_BIT_CONVERSION = YES;
				GCC_WARN_ABOUT_RETURN_TYPE = YES_ERROR;
				GCC_WARN_UNDECLARED_SELECTOR = YES;
				GCC_WARN_UNINITIALIZED_AUTOS = YES_AGGRESSIVE;
				GCC_WARN_UNUSED_FUNCTION = YES;
				GCC_WARN_UNUSED_VARIABLE = YES;
				IPHONEOS_DEPLOYMENT_TARGET = 14.5;
				MTL_ENABLE_DEBUG_INFO = NO;
				MTL_FAST_MATH = YES;
				SDKROOT = iphoneos;
				SWIFT_COMPILATION_MODE = wholemodule;
				SWIFT_OPTIMIZATION_LEVEL = "-O";
				VALIDATE_PRODUCT = YES;
			};
			name = Release;
		};
		55F7D8CF26EFE7C100708AB6 /* Debug */ = {
			isa = XCBuildConfiguration;
			buildSettings = {
				ASSETCATALOG_COMPILER_APPICON_NAME = AppIcon;
				ASSETCATALOG_COMPILER_GLOBAL_ACCENT_COLOR_NAME = AccentColor;
				CODE_SIGN_STYLE = Automatic;
				INFOPLIST_FILE = flixster/Info.plist;
				LD_RUNPATH_SEARCH_PATHS = (
					"$(inherited)",
					"@executable_path/Frameworks",
				);
				PRODUCT_BUNDLE_IDENTIFIER = csumb.flixster;
				PRODUCT_NAME = "$(TARGET_NAME)";
				SWIFT_VERSION = 5.0;
				TARGETED_DEVICE_FAMILY = "1,2";
			};
			name = Debug;
		};
		55F7D8D026EFE7C100708AB6 /* Release */ = {
			isa = XCBuildConfiguration;
			buildSettings = {
				ASSETCATALOG_COMPILER_APPICON_NAME = AppIcon;
				ASSETCATALOG_COMPILER_GLOBAL_ACCENT_COLOR_NAME = AccentColor;
				CODE_SIGN_STYLE = Automatic;
				INFOPLIST_FILE = flixster/Info.plist;
				LD_RUNPATH_SEARCH_PATHS = (
					"$(inherited)",
					"@executable_path/Frameworks",
				);
				PRODUCT_BUNDLE_IDENTIFIER = csumb.flixster;
				PRODUCT_NAME = "$(TARGET_NAME)";
				SWIFT_VERSION = 5.0;
				TARGETED_DEVICE_FAMILY = "1,2";
			};
			name = Release;
		};
		55F7D8D226EFE7C100708AB6 /* Debug */ = {
			isa = XCBuildConfiguration;
			buildSettings = {
				ALWAYS_EMBED_SWIFT_STANDARD_LIBRARIES = YES;
				BUNDLE_LOADER = "$(TEST_HOST)";
				CODE_SIGN_STYLE = Automatic;
				INFOPLIST_FILE = flixsterTests/Info.plist;
				IPHONEOS_DEPLOYMENT_TARGET = 14.5;
				LD_RUNPATH_SEARCH_PATHS = (
					"$(inherited)",
					"@executable_path/Frameworks",
					"@loader_path/Frameworks",
				);
				PRODUCT_BUNDLE_IDENTIFIER = csumb.flixsterTests;
				PRODUCT_NAME = "$(TARGET_NAME)";
				SWIFT_VERSION = 5.0;
				TARGETED_DEVICE_FAMILY = "1,2";
				TEST_HOST = "$(BUILT_PRODUCTS_DIR)/flixster.app/flixster";
			};
			name = Debug;
		};
		55F7D8D326EFE7C100708AB6 /* Release */ = {
			isa = XCBuildConfiguration;
			buildSettings = {
				ALWAYS_EMBED_SWIFT_STANDARD_LIBRARIES = YES;
				BUNDLE_LOADER = "$(TEST_HOST)";
				CODE_SIGN_STYLE = Automatic;
				INFOPLIST_FILE = flixsterTests/Info.plist;
				IPHONEOS_DEPLOYMENT_TARGET = 14.5;
				LD_RUNPATH_SEARCH_PATHS = (
					"$(inherited)",
					"@executable_path/Frameworks",
					"@loader_path/Frameworks",
				);
				PRODUCT_BUNDLE_IDENTIFIER = csumb.flixsterTests;
				PRODUCT_NAME = "$(TARGET_NAME)";
				SWIFT_VERSION = 5.0;
				TARGETED_DEVICE_FAMILY = "1,2";
				TEST_HOST = "$(BUILT_PRODUCTS_DIR)/flixster.app/flixster";
			};
			name = Release;
		};
		55F7D8D526EFE7C100708AB6 /* Debug */ = {
			isa = XCBuildConfiguration;
			buildSettings = {
				ALWAYS_EMBED_SWIFT_STANDARD_LIBRARIES = YES;
				CODE_SIGN_STYLE = Automatic;
				INFOPLIST_FILE = flixsterUITests/Info.plist;
				LD_RUNPATH_SEARCH_PATHS = (
					"$(inherited)",
					"@executable_path/Frameworks",
					"@loader_path/Frameworks",
				);
				PRODUCT_BUNDLE_IDENTIFIER = csumb.flixsterUITests;
				PRODUCT_NAME = "$(TARGET_NAME)";
				SWIFT_VERSION = 5.0;
				TARGETED_DEVICE_FAMILY = "1,2";
				TEST_TARGET_NAME = flixster;
			};
			name = Debug;
		};
		55F7D8D626EFE7C100708AB6 /* Release */ = {
			isa = XCBuildConfiguration;
			buildSettings = {
				ALWAYS_EMBED_SWIFT_STANDARD_LIBRARIES = YES;
				CODE_SIGN_STYLE = Automatic;
				INFOPLIST_FILE = flixsterUITests/Info.plist;
				LD_RUNPATH_SEARCH_PATHS = (
					"$(inherited)",
					"@executable_path/Frameworks",
					"@loader_path/Frameworks",
				);
				PRODUCT_BUNDLE_IDENTIFIER = csumb.flixsterUITests;
				PRODUCT_NAME = "$(TARGET_NAME)";
				SWIFT_VERSION = 5.0;
				TARGETED_DEVICE_FAMILY = "1,2";
				TEST_TARGET_NAME = flixster;
			};
			name = Release;
		};
/* End XCBuildConfiguration section */

/* Begin XCConfigurationList section */
		55F7D89F26EFE7BF00708AB6 /* Build configuration list for PBXProject "flixster" */ = {
			isa = XCConfigurationList;
			buildConfigurations = (
				55F7D8CC26EFE7C100708AB6 /* Debug */,
				55F7D8CD26EFE7C100708AB6 /* Release */,
			);
			defaultConfigurationIsVisible = 0;
			defaultConfigurationName = Release;
		};
		55F7D8CE26EFE7C100708AB6 /* Build configuration list for PBXNativeTarget "flixster" */ = {
			isa = XCConfigurationList;
			buildConfigurations = (
				55F7D8CF26EFE7C100708AB6 /* Debug */,
				55F7D8D026EFE7C100708AB6 /* Release */,
			);
			defaultConfigurationIsVisible = 0;
			defaultConfigurationName = Release;
		};
		55F7D8D126EFE7C100708AB6 /* Build configuration list for PBXNativeTarget "flixsterTests" */ = {
			isa = XCConfigurationList;
			buildConfigurations = (
				55F7D8D226EFE7C100708AB6 /* Debug */,
				55F7D8D326EFE7C100708AB6 /* Release */,
			);
			defaultConfigurationIsVisible = 0;
			defaultConfigurationName = Release;
		};
		55F7D8D426EFE7C100708AB6 /* Build configuration list for PBXNativeTarget "flixsterUITests" */ = {
			isa = XCConfigurationList;
			buildConfigurations = (
				55F7D8D526EFE7C100708AB6 /* Debug */,
				55F7D8D626EFE7C100708AB6 /* Release */,
			);
			defaultConfigurationIsVisible = 0;
			defaultConfigurationName = Release;
		};
/* End XCConfigurationList section */

/* Begin XCRemoteSwiftPackageReference section */
		558F768226F02E2400732C36 /* XCRemoteSwiftPackageReference "AlamofireImage" */ = {
			isa = XCRemoteSwiftPackageReference;
			repositoryURL = "https://github.com/Alamofire/AlamofireImage";
			requirement = {
				kind = upToNextMajorVersion;
				minimumVersion = 4.2.0;
			};
		};
/* End XCRemoteSwiftPackageReference section */

/* Begin XCSwiftPackageProductDependency section */
		558F768326F02E2400732C36 /* AlamofireImage */ = {
			isa = XCSwiftPackageProductDependency;
			package = 558F768226F02E2400732C36 /* XCRemoteSwiftPackageReference "AlamofireImage" */;
			productName = AlamofireImage;
		};
/* End XCSwiftPackageProductDependency section */
	};
	rootObject = 55F7D89C26EFE7BF00708AB6 /* Project object */;
}
